{
  "name": "@warren-bank/translate-android-strings",
  "version": "1.8.0",
  "lockfileVersion": 2,
  "requires": true,
  "packages": {
    "": {
      "name": "@warren-bank/translate-android-strings",
      "version": "1.8.0",
      "license": "GPL-2.0",
      "dependencies": {
        "@warren-bank/ibm-watson-language-translator": "^1.1.0",
        "@warren-bank/node-process-argv": "^1.1.0"
      },
      "bin": {
        "translate-android-strings": "bin/translate-android-strings.js"
      }
    },
    "node_modules/@warren-bank/ibm-watson-language-translator": {
      "version": "1.1.0",
      "resolved": "https://registry.npmjs.org/@warren-bank/ibm-watson-language-translator/-/ibm-watson-language-translator-1.1.0.tgz",
      "integrity": "sha512-naMGuuchHCP926aWGGxP/19vzL3QHOAGhg+K6tvYKE9pkF5NGutzNpB/ibLxIQm7uJMuM4aLVjxT4qn7e/+JYA==",
      "dependencies": {
        "@warren-bank/node-process-argv": "^1.1.0"
      },
      "bin": {
        "ibm-translate": "bin/ibm-translate.js"
      }
    },
    "node_modules/@warren-bank/node-process-argv": {
      "version": "1.1.0",
      "resolved": "https://registry.npmjs.org/@warren-bank/node-process-argv/-/node-process-argv-1.1.0.tgz",
      "integrity": "sha512-81pXPEVDhM+HQNlXgj/Aa4ZQSXQfX79tvd8nPuHXTEMJ6pnvahiTh/4jkNwQrIznecIDZM+MFt6i2IZmeiYrvA=="
    }
  },
  "dependencies": {
    "@warren-bank/ibm-watson-language-translator": {
      "version": "1.1.0",
      "resolved": "https://registry.npmjs.org/@warren-bank/ibm-watson-language-translator/-/ibm-watson-language-translator-1.1.0.tgz",
      "integrity": "sha512-naMGuuchHCP926aWGGxP/19vzL3QHOAGhg+K6tvYKE9pkF5NGutzNpB/ibLxIQm7uJMuM4aLVjxT4qn7e/+JYA==",
      "requires": {
        "@warren-bank/node-process-argv": "^1.1.0"
      }
    },
    "@warren-bank/node-process-argv": {
      "version": "1.1.0",
      "resolved": "https://registry.npmjs.org/@warren-bank/node-process-argv/-/node-process-argv-1.1.0.tgz",
      "integrity": "sha512-81pXPEVDhM+HQNlXgj/Aa4ZQSXQfX79tvd8nPuHXTEMJ6pnvahiTh/4jkNwQrIznecIDZM+MFt6i2IZmeiYrvA=="
    }
  }
}
